// !$*UTF8*$!
{
	archiveVersion = 1;
	classes = {
	};
	objectVersion = 56;
	objects = {

/* Begin PBXBuildFile section */
		007637692B0F6BD6006B543E /* BS23_iOSPracticalApp.swift in Sources */ = {isa = PBXBuildFile; fileRef = 007637682B0F6BD6006B543E /* BS23_iOSPracticalApp.swift */; };
		0076376B2B0F6BD7006B543E /* ContentView.swift in Sources */ = {isa = PBXBuildFile; fileRef = 0076376A2B0F6BD7006B543E /* ContentView.swift */; };
		0076376D2B0F6BD9006B543E /* Assets.xcassets in Resources */ = {isa = PBXBuildFile; fileRef = 0076376C2B0F6BD9006B543E /* Assets.xcassets */; };
		007637702B0F6BD9006B543E /* Preview Assets.xcassets in Resources */ = {isa = PBXBuildFile; fileRef = 0076376F2B0F6BD9006B543E /* Preview Assets.xcassets */; };
		007637842B0F7201006B543E /* MovieResponse.swift in Sources */ = {isa = PBXBuildFile; fileRef = 007637832B0F7201006B543E /* MovieResponse.swift */; };
		0076378A2B0F738B006B543E /* NetworkMonitor.swift in Sources */ = {isa = PBXBuildFile; fileRef = 007637892B0F738B006B543E /* NetworkMonitor.swift */; };
		0076378C2B0F7433006B543E /* RequestError.swift in Sources */ = {isa = PBXBuildFile; fileRef = 0076378B2B0F7433006B543E /* RequestError.swift */; };
		007637962B0F7BF0006B543E /* MovieService.swift in Sources */ = {isa = PBXBuildFile; fileRef = 007637952B0F7BF0006B543E /* MovieService.swift */; };
		007637982B0F7C20006B543E /* MovieViewModel.swift in Sources */ = {isa = PBXBuildFile; fileRef = 007637972B0F7C20006B543E /* MovieViewModel.swift */; };
		0076379A2B0F7C72006B543E /* MovieListView.swift in Sources */ = {isa = PBXBuildFile; fileRef = 007637992B0F7C72006B543E /* MovieListView.swift */; };
/* End PBXBuildFile section */

/* Begin PBXFileReference section */
		007637652B0F6BD6006B543E /* BS23-iOSPractical.app */ = {isa = PBXFileReference; explicitFileType = wrapper.application; includeInIndex = 0; path = "BS23-iOSPractical.app"; sourceTree = BUILT_PRODUCTS_DIR; };
		007637682B0F6BD6006B543E /* BS23_iOSPracticalApp.swift */ = {isa = PBXFileReference; lastKnownFileType = sourcecode.swift; path = BS23_iOSPracticalApp.swift; sourceTree = "<group>"; };
		0076376A2B0F6BD7006B543E /* ContentView.swift */ = {isa = PBXFileReference; lastKnownFileType = sourcecode.swift; path = ContentView.swift; sourceTree = "<group>"; };
		0076376C2B0F6BD9006B543E /* Assets.xcassets */ = {isa = PBXFileReference; lastKnownFileType = folder.assetcatalog; path = Assets.xcassets; sourceTree = "<group>"; };
		0076376F2B0F6BD9006B543E /* Preview Assets.xcassets */ = {isa = PBXFileReference; lastKnownFileType = folder.assetcatalog; path = "Preview Assets.xcassets"; sourceTree = "<group>"; };
		007637832B0F7201006B543E /* MovieResponse.swift */ = {isa = PBXFileReference; lastKnownFileType = sourcecode.swift; path = MovieResponse.swift; sourceTree = "<group>"; };
		007637892B0F738B006B543E /* NetworkMonitor.swift */ = {isa = PBXFileReference; lastKnownFileType = sourcecode.swift; path = NetworkMonitor.swift; sourceTree = "<group>"; };
		0076378B2B0F7433006B543E /* RequestError.swift */ = {isa = PBXFileReference; lastKnownFileType = sourcecode.swift; path = RequestError.swift; sourceTree = "<group>"; };
		007637952B0F7BF0006B543E /* MovieService.swift */ = {isa = PBXFileReference; lastKnownFileType = sourcecode.swift; path = MovieService.swift; sourceTree = "<group>"; };
		007637972B0F7C20006B543E /* MovieViewModel.swift */ = {isa = PBXFileReference; lastKnownFileType = sourcecode.swift; path = MovieViewModel.swift; sourceTree = "<group>"; };
		007637992B0F7C72006B543E /* MovieListView.swift */ = {isa = PBXFileReference; lastKnownFileType = sourcecode.swift; path = MovieListView.swift; sourceTree = "<group>"; };
/* End PBXFileReference section */

/* Begin PBXFrameworksBuildPhase section */
		007637622B0F6BD6006B543E /* Frameworks */ = {
			isa = PBXFrameworksBuildPhase;
			buildActionMask = 2147483647;
			files = (
			);
			runOnlyForDeploymentPostprocessing = 0;
		};
/* End PBXFrameworksBuildPhase section */

/* Begin PBXGroup section */
		0076375C2B0F6BD6006B543E = {
			isa = PBXGroup;
			children = (
				007637672B0F6BD6006B543E /* BS23-iOSPractical */,
				007637662B0F6BD6006B543E /* Products */,
			);
			sourceTree = "<group>";
		};
		007637662B0F6BD6006B543E /* Products */ = {
			isa = PBXGroup;
			children = (
				007637652B0F6BD6006B543E /* BS23-iOSPractical.app */,
			);
			name = Products;
			sourceTree = "<group>";
		};
		007637672B0F6BD6006B543E /* BS23-iOSPractical */ = {
			isa = PBXGroup;
			children = (
				007637822B0F6D40006B543E /* Models */,
				007637812B0F6D2D006B543E /* Interactors */,
				007637802B0F6D1E006B543E /* UI */,
				0076377F2B0F6D03006B543E /* Utilities */,
				0076377E2B0F6CE3006B543E /* Constants */,
				0076377D2B0F6CD0006B543E /* Theme */,
				007637772B0F6C4C006B543E /* Network */,
				007637762B0F6C31006B543E /* ViewModels */,
				0076376A2B0F6BD7006B543E /* ContentView.swift */,
				0076376C2B0F6BD9006B543E /* Assets.xcassets */,
				0076376E2B0F6BD9006B543E /* Preview Content */,
			);
			path = "BS23-iOSPractical";
			sourceTree = "<group>";
		};
		0076376E2B0F6BD9006B543E /* Preview Content */ = {
			isa = PBXGroup;
			children = (
				0076376F2B0F6BD9006B543E /* Preview Assets.xcassets */,
			);
			path = "Preview Content";
			sourceTree = "<group>";
		};
		007637762B0F6C31006B543E /* ViewModels */ = {
			isa = PBXGroup;
			children = (
				007637972B0F7C20006B543E /* MovieViewModel.swift */,
			);
			path = ViewModels;
			sourceTree = "<group>";
		};
		007637772B0F6C4C006B543E /* Network */ = {
			isa = PBXGroup;
			children = (
				0076377C2B0F6CAA006B543E /* Base */,
				0076377B2B0F6C9D006B543E /* Endpoints */,
				0076377A2B0F6C90006B543E /* Services */,
				007637792B0F6C7D006B543E /* Handlers */,
				007637782B0F6C5F006B543E /* Payloads */,
			);
			path = Network;
			sourceTree = "<group>";
		};
		007637782B0F6C5F006B543E /* Payloads */ = {
			isa = PBXGroup;
			children = (
			);
			path = Payloads;
			sourceTree = "<group>";
		};
		007637792B0F6C7D006B543E /* Handlers */ = {
			isa = PBXGroup;
			children = (
			);
			path = Handlers;
			sourceTree = "<group>";
		};
		0076377A2B0F6C90006B543E /* Services */ = {
			isa = PBXGroup;
			children = (
				007637952B0F7BF0006B543E /* MovieService.swift */,
			);
			path = Services;
			sourceTree = "<group>";
		};
		0076377B2B0F6C9D006B543E /* Endpoints */ = {
			isa = PBXGroup;
			children = (
			);
			path = Endpoints;
			sourceTree = "<group>";
		};
		0076377C2B0F6CAA006B543E /* Base */ = {
			isa = PBXGroup;
			children = (
			);
			path = Base;
			sourceTree = "<group>";
		};
		0076377D2B0F6CD0006B543E /* Theme */ = {
			isa = PBXGroup;
			children = (
			);
			path = Theme;
			sourceTree = "<group>";
		};
		0076377E2B0F6CE3006B543E /* Constants */ = {
			isa = PBXGroup;
			children = (
			);
			path = Constants;
			sourceTree = "<group>";
		};
		0076377F2B0F6D03006B543E /* Utilities */ = {
			isa = PBXGroup;
			children = (
				007637892B0F738B006B543E /* NetworkMonitor.swift */,
				0076378B2B0F7433006B543E /* RequestError.swift */,
			);
			path = Utilities;
			sourceTree = "<group>";
		};
		007637802B0F6D1E006B543E /* UI */ = {
			isa = PBXGroup;
			children = (
				007637992B0F7C72006B543E /* MovieListView.swift */,
				007637682B0F6BD6006B543E /* BS23_iOSPracticalApp.swift */,
			);
			path = UI;
			sourceTree = "<group>";
		};
		007637812B0F6D2D006B543E /* Interactors */ = {
			isa = PBXGroup;
			children = (
			);
			path = Interactors;
			sourceTree = "<group>";
		};
		007637822B0F6D40006B543E /* Models */ = {
			isa = PBXGroup;
			children = (
				007637832B0F7201006B543E /* MovieResponse.swift */,
			);
			path = Models;
			sourceTree = "<group>";
		};
/* End PBXGroup section */

/* Begin PBXNativeTarget section */
		007637642B0F6BD6006B543E /* BS23-iOSPractical */ = {
			isa = PBXNativeTarget;
			buildConfigurationList = 007637732B0F6BD9006B543E /* Build configuration list for PBXNativeTarget "BS23-iOSPractical" */;
			buildPhases = (
				007637612B0F6BD6006B543E /* Sources */,
				007637622B0F6BD6006B543E /* Frameworks */,
				007637632B0F6BD6006B543E /* Resources */,
			);
			buildRules = (
			);
			dependencies = (
			);
			name = "BS23-iOSPractical";
			productName = "BS23-iOSPractical";
			productReference = 007637652B0F6BD6006B543E /* BS23-iOSPractical.app */;
			productType = "com.apple.product-type.application";
		};
/* End PBXNativeTarget section */

/* Begin PBXProject section */
		0076375D2B0F6BD6006B543E /* Project object */ = {
			isa = PBXProject;
			attributes = {
				BuildIndependentTargetsInParallel = 1;
				LastSwiftUpdateCheck = 1500;
				LastUpgradeCheck = 1500;
				TargetAttributes = {
					007637642B0F6BD6006B543E = {
						CreatedOnToolsVersion = 15.0;
					};
				};
			};
			buildConfigurationList = 007637602B0F6BD6006B543E /* Build configuration list for PBXProject "BS23-iOSPractical" */;
			compatibilityVersion = "Xcode 14.0";
			developmentRegion = en;
			hasScannedForEncodings = 0;
			knownRegions = (
				en,
				Base,
			);
			mainGroup = 0076375C2B0F6BD6006B543E;
			productRefGroup = 007637662B0F6BD6006B543E /* Products */;
			projectDirPath = "";
			projectRoot = "";
			targets = (
				007637642B0F6BD6006B543E /* BS23-iOSPractical */,
			);
		};
/* End PBXProject section */

/* Begin PBXResourcesBuildPhase section */
		007637632B0F6BD6006B543E /* Resources */ = {
			isa = PBXResourcesBuildPhase;
			buildActionMask = 2147483647;
			files = (
				007637702B0F6BD9006B543E /* Preview Assets.xcassets in Resources */,
				0076376D2B0F6BD9006B543E /* Assets.xcassets in Resources */,
			);
			runOnlyForDeploymentPostprocessing = 0;
		};
/* End PBXResourcesBuildPhase section */

/* Begin PBXSourcesBuildPhase section */
		007637612B0F6BD6006B543E /* Sources */ = {
			isa = PBXSourcesBuildPhase;
			buildActionMask = 2147483647;
			files = (
				007637842B0F7201006B543E /* MovieResponse.swift in Sources */,
				0076376B2B0F6BD7006B543E /* ContentView.swift in Sources */,
				0076378C2B0F7433006B543E /* RequestError.swift in Sources */,
				0076378A2B0F738B006B543E /* NetworkMonitor.swift in Sources */,
				007637692B0F6BD6006B543E /* BS23_iOSPracticalApp.swift in Sources */,
				0076379A2B0F7C72006B543E /* MovieListView.swift in Sources */,
				007637982B0F7C20006B543E /* MovieViewModel.swift in Sources */,
				007637962B0F7BF0006B543E /* MovieService.swift in Sources */,
			);
			runOnlyForDeploymentPostprocessing = 0;
		};
/* End PBXSourcesBuildPhase section */

/* Begin XCBuildConfiguration section */
		007637712B0F6BD9006B543E /* Debug */ = {
			isa = XCBuildConfiguration;
			buildSettings = {
				ALWAYS_SEARCH_USER_PATHS = NO;
				ASSETCATALOG_COMPILER_GENERATE_SWIFT_ASSET_SYMBOL_EXTENSIONS = YES;
				CLANG_ANALYZER_NONNULL = YES;
				CLANG_ANALYZER_NUMBER_OBJECT_CONVERSION = YES_AGGRESSIVE;
				CLANG_CXX_LANGUAGE_STANDARD = "gnu++20";
				CLANG_ENABLE_MODULES = YES;
				CLANG_ENABLE_OBJC_ARC = YES;
				CLANG_ENABLE_OBJC_WEAK = YES;
				CLANG_WARN_BLOCK_CAPTURE_AUTORELEASING = YES;
				CLANG_WARN_BOOL_CONVERSION = YES;
				CLANG_WARN_COMMA = YES;
				CLANG_WARN_CONSTANT_CONVERSION = YES;
				CLANG_WARN_DEPRECATED_OBJC_IMPLEMENTATIONS = YES;
				CLANG_WARN_DIRECT_OBJC_ISA_USAGE = YES_ERROR;
				CLANG_WARN_DOCUMENTATION_COMMENTS = YES;
				CLANG_WARN_EMPTY_BODY = YES;
				CLANG_WARN_ENUM_CONVERSION = YES;
				CLANG_WARN_INFINITE_RECURSION = YES;
				CLANG_WARN_INT_CONVERSION = YES;
				CLANG_WARN_NON_LITERAL_NULL_CONVERSION = YES;
				CLANG_WARN_OBJC_IMPLICIT_RETAIN_SELF = YES;
				CLANG_WARN_OBJC_LITERAL_CONVERSION = YES;
				CLANG_WARN_OBJC_ROOT_CLASS = YES_ERROR;
				CLANG_WARN_QUOTED_INCLUDE_IN_FRAMEWORK_HEADER = YES;
				CLANG_WARN_RANGE_LOOP_ANALYSIS = YES;
				CLANG_WARN_STRICT_PROTOTYPES = YES;
				CLANG_WARN_SUSPICIOUS_MOVE = YES;
				CLANG_WARN_UNGUARDED_AVAILABILITY = YES_AGGRESSIVE;
				CLANG_WARN_UNREACHABLE_CODE = YES;
				CLANG_WARN__DUPLICATE_METHOD_MATCH = YES;
				COPY_PHASE_STRIP = NO;
				DEBUG_INFORMATION_FORMAT = dwarf;
				ENABLE_STRICT_OBJC_MSGSEND = YES;
				ENABLE_TESTABILITY = YES;
				ENABLE_USER_SCRIPT_SANDBOXING = YES;
				GCC_C_LANGUAGE_STANDARD = gnu17;
				GCC_DYNAMIC_NO_PIC = NO;
				GCC_NO_COMMON_BLOCKS = YES;
				GCC_OPTIMIZATION_LEVEL = 0;
				GCC_PREPROCESSOR_DEFINITIONS = (
					"DEBUG=1",
					"$(inherited)",
				);
				GCC_WARN_64_TO_32_BIT_CONVERSION = YES;
				GCC_WARN_ABOUT_RETURN_TYPE = YES_ERROR;
				GCC_WARN_UNDECLARED_SELECTOR = YES;
				GCC_WARN_UNINITIALIZED_AUTOS = YES_AGGRESSIVE;
				GCC_WARN_UNUSED_FUNCTION = YES;
				GCC_WARN_UNUSED_VARIABLE = YES;
				IPHONEOS_DEPLOYMENT_TARGET = 17.0;
				LOCALIZATION_PREFERS_STRING_CATALOGS = YES;
				MTL_ENABLE_DEBUG_INFO = INCLUDE_SOURCE;
				MTL_FAST_MATH = YES;
				ONLY_ACTIVE_ARCH = YES;
				SDKROOT = iphoneos;
				SWIFT_ACTIVE_COMPILATION_CONDITIONS = "DEBUG $(inherited)";
				SWIFT_OPTIMIZATION_LEVEL = "-Onone";
			};
			name = Debug;
		};
		007637722B0F6BD9006B543E /* Release */ = {
			isa = XCBuildConfiguration;
			buildSettings = {
				ALWAYS_SEARCH_USER_PATHS = NO;
				ASSETCATALOG_COMPILER_GENERATE_SWIFT_ASSET_SYMBOL_EXTENSIONS = YES;
				CLANG_ANALYZER_NONNULL = YES;
				CLANG_ANALYZER_NUMBER_OBJECT_CONVERSION = YES_AGGRESSIVE;
				CLANG_CXX_LANGUAGE_STANDARD = "gnu++20";
				CLANG_ENABLE_MODULES = YES;
				CLANG_ENABLE_OBJC_ARC = YES;
				CLANG_ENABLE_OBJC_WEAK = YES;
				CLANG_WARN_BLOCK_CAPTURE_AUTORELEASING = YES;
				CLANG_WARN_BOOL_CONVERSION = YES;
				CLANG_WARN_COMMA = YES;
				CLANG_WARN_CONSTANT_CONVERSION = YES;
				CLANG_WARN_DEPRECATED_OBJC_IMPLEMENTATIONS = YES;
				CLANG_WARN_DIRECT_OBJC_ISA_USAGE = YES_ERROR;
				CLANG_WARN_DOCUMENTATION_COMMENTS = YES;
				CLANG_WARN_EMPTY_BODY = YES;
				CLANG_WARN_ENUM_CONVERSION = YES;
				CLANG_WARN_INFINITE_RECURSION = YES;
				CLANG_WARN_INT_CONVERSION = YES;
				CLANG_WARN_NON_LITERAL_NULL_CONVERSION = YES;
				CLANG_WARN_OBJC_IMPLICIT_RETAIN_SELF = YES;
				CLANG_WARN_OBJC_LITERAL_CONVERSION = YES;
				CLANG_WARN_OBJC_ROOT_CLASS = YES_ERROR;
				CLANG_WARN_QUOTED_INCLUDE_IN_FRAMEWORK_HEADER = YES;
				CLANG_WARN_RANGE_LOOP_ANALYSIS = YES;
				CLANG_WARN_STRICT_PROTOTYPES = YES;
				CLANG_WARN_SUSPICIOUS_MOVE = YES;
				CLANG_WARN_UNGUARDED_AVAILABILITY = YES_AGGRESSIVE;
				CLANG_WARN_UNREACHABLE_CODE = YES;
				CLANG_WARN__DUPLICATE_METHOD_MATCH = YES;
				COPY_PHASE_STRIP = NO;
				DEBUG_INFORMATION_FORMAT = "dwarf-with-dsym";
				ENABLE_NS_ASSERTIONS = NO;
				ENABLE_STRICT_OBJC_MSGSEND = YES;
				ENABLE_USER_SCRIPT_SANDBOXING = YES;
				GCC_C_LANGUAGE_STANDARD = gnu17;
				GCC_NO_COMMON_BLOCKS = YES;
				GCC_WARN_64_TO_32_BIT_CONVERSION = YES;
				GCC_WARN_ABOUT_RETURN_TYPE = YES_ERROR;
				GCC_WARN_UNDECLARED_SELECTOR = YES;
				GCC_WARN_UNINITIALIZED_AUTOS = YES_AGGRESSIVE;
				GCC_WARN_UNUSED_FUNCTION = YES;
				GCC_WARN_UNUSED_VARIABLE = YES;
				IPHONEOS_DEPLOYMENT_TARGET = 17.0;
				LOCALIZATION_PREFERS_STRING_CATALOGS = YES;
				MTL_ENABLE_DEBUG_INFO = NO;
				MTL_FAST_MATH = YES;
				SDKROOT = iphoneos;
				SWIFT_COMPILATION_MODE = wholemodule;
				VALIDATE_PRODUCT = YES;
			};
			name = Release;
		};
		007637742B0F6BD9006B543E /* Debug */ = {
			isa = XCBuildConfiguration;
			buildSettings = {
				ASSETCATALOG_COMPILER_APPICON_NAME = AppIcon;
				ASSETCATALOG_COMPILER_GLOBAL_ACCENT_COLOR_NAME = AccentColor;
				CODE_SIGN_STYLE = Automatic;
				CURRENT_PROJECT_VERSION = 1;
				DEVELOPMENT_ASSET_PATHS = "\"BS23-iOSPractical/Preview Content\"";
				DEVELOPMENT_TEAM = 86U3LK3Z76;
				ENABLE_PREVIEWS = YES;
				GENERATE_INFOPLIST_FILE = YES;
				INFOPLIST_KEY_UIApplicationSceneManifest_Generation = YES;
				INFOPLIST_KEY_UIApplicationSupportsIndirectInputEvents = YES;
				INFOPLIST_KEY_UILaunchScreen_Generation = YES;
				INFOPLIST_KEY_UISupportedInterfaceOrientations_iPad = "UIInterfaceOrientationPortrait UIInterfaceOrientationPortraitUpsideDown UIInterfaceOrientationLandscapeLeft UIInterfaceOrientationLandscapeRight";
				INFOPLIST_KEY_UISupportedInterfaceOrientations_iPhone = "UIInterfaceOrientationPortrait UIInterfaceOrientationLandscapeLeft UIInterfaceOrientationLandscapeRight";
				LD_RUNPATH_SEARCH_PATHS = (
					"$(inherited)",
					"@executable_path/Frameworks",
				);
				MARKETING_VERSION = 1.0;
				PRODUCT_BUNDLE_IDENTIFIER = "com.Engine98.BS23-iOSPractical";
				PRODUCT_NAME = "$(TARGET_NAME)";
				SWIFT_EMIT_LOC_STRINGS = YES;
				SWIFT_VERSION = 5.0;
				TARGETED_DEVICE_FAMILY = "1,2";
			};
			name = Debug;
		};
		007637752B0F6BD9006B543E /* Release */ = {
			isa = XCBuildConfiguration;
			buildSettings = {
				ASSETCATALOG_COMPILER_APPICON_NAME = AppIcon;
				ASSETCATALOG_COMPILER_GLOBAL_ACCENT_COLOR_NAME = AccentColor;
				CODE_SIGN_STYLE = Automatic;
				CURRENT_PROJECT_VERSION = 1;
				DEVELOPMENT_ASSET_PATHS = "\"BS23-iOSPractical/Preview Content\"";
				DEVELOPMENT_TEAM = 86U3LK3Z76;
				ENABLE_PREVIEWS = YES;
				GENERATE_INFOPLIST_FILE = YES;
				INFOPLIST_KEY_UIApplicationSceneManifest_Generation = YES;
				INFOPLIST_KEY_UIApplicationSupportsIndirectInputEvents = YES;
				INFOPLIST_KEY_UILaunchScreen_Generation = YES;
				INFOPLIST_KEY_UISupportedInterfaceOrientations_iPad = "UIInterfaceOrientationPortrait UIInterfaceOrientationPortraitUpsideDown UIInterfaceOrientationLandscapeLeft UIInterfaceOrientationLandscapeRight";
				INFOPLIST_KEY_UISupportedInterfaceOrientations_iPhone = "UIInterfaceOrientationPortrait UIInterfaceOrientationLandscapeLeft UIInterfaceOrientationLandscapeRight";
				LD_RUNPATH_SEARCH_PATHS = (
					"$(inherited)",
					"@executable_path/Frameworks",
				);
				MARKETING_VERSION = 1.0;
				PRODUCT_BUNDLE_IDENTIFIER = "com.Engine98.BS23-iOSPractical";
				PRODUCT_NAME = "$(TARGET_NAME)";
				SWIFT_EMIT_LOC_STRINGS = YES;
				SWIFT_VERSION = 5.0;
				TARGETED_DEVICE_FAMILY = "1,2";
			};
			name = Release;
		};
/* End XCBuildConfiguration section */

/* Begin XCConfigurationList section */
		007637602B0F6BD6006B543E /* Build configuration list for PBXProject "BS23-iOSPractical" */ = {
			isa = XCConfigurationList;
			buildConfigurations = (
				007637712B0F6BD9006B543E /* Debug */,
				007637722B0F6BD9006B543E /* Release */,
			);
			defaultConfigurationIsVisible = 0;
			defaultConfigurationName = Release;
		};
		007637732B0F6BD9006B543E /* Build configuration list for PBXNativeTarget "BS23-iOSPractical" */ = {
			isa = XCConfigurationList;
			buildConfigurations = (
				007637742B0F6BD9006B543E /* Debug */,
				007637752B0F6BD9006B543E /* Release */,
			);
			defaultConfigurationIsVisible = 0;
			defaultConfigurationName = Release;
		};
/* End XCConfigurationList section */
	};
	rootObject = 0076375D2B0F6BD6006B543E /* Project object */;
}
